// !$*UTF8*$!
{
	archiveVersion = 1;
	classes = {
	};
	objectVersion = 50;
	objects = {

/* Begin PBXBuildFile section */
		8097684323DC164E00EF86A8 /* AppDelegate.swift in Sources */ = {isa = PBXBuildFile; fileRef = 8097684223DC164E00EF86A8 /* AppDelegate.swift */; };
		8097684523DC164E00EF86A8 /* SceneDelegate.swift in Sources */ = {isa = PBXBuildFile; fileRef = 8097684423DC164E00EF86A8 /* SceneDelegate.swift */; };
		8097684723DC164E00EF86A8 /* ViewController.swift in Sources */ = {isa = PBXBuildFile; fileRef = 8097684623DC164E00EF86A8 /* ViewController.swift */; };
		8097684A23DC164E00EF86A8 /* Main.storyboard in Resources */ = {isa = PBXBuildFile; fileRef = 8097684823DC164E00EF86A8 /* Main.storyboard */; };
		8097684C23DC165100EF86A8 /* Assets.xcassets in Resources */ = {isa = PBXBuildFile; fileRef = 8097684B23DC165100EF86A8 /* Assets.xcassets */; };
		8097684F23DC165100EF86A8 /* LaunchScreen.storyboard in Resources */ = {isa = PBXBuildFile; fileRef = 8097684D23DC165100EF86A8 /* LaunchScreen.storyboard */; };
		8097685A23DC165100EF86A8 /* LoginTests.swift in Sources */ = {isa = PBXBuildFile; fileRef = 8097685923DC165100EF86A8 /* LoginTests.swift */; };
		8097686523DC165100EF86A8 /* LoginUITests.swift in Sources */ = {isa = PBXBuildFile; fileRef = 8097686423DC165100EF86A8 /* LoginUITests.swift */; };
/* End PBXBuildFile section */

/* Begin PBXContainerItemProxy section */
		8097685623DC165100EF86A8 /* PBXContainerItemProxy */ = {
			isa = PBXContainerItemProxy;
			containerPortal = 8097683723DC164E00EF86A8 /* Project object */;
			proxyType = 1;
			remoteGlobalIDString = 8097683E23DC164E00EF86A8;
			remoteInfo = Login;
		};
		8097686123DC165100EF86A8 /* PBXContainerItemProxy */ = {
			isa = PBXContainerItemProxy;
			containerPortal = 8097683723DC164E00EF86A8 /* Project object */;
			proxyType = 1;
			remoteGlobalIDString = 8097683E23DC164E00EF86A8;
			remoteInfo = Login;
		};
/* End PBXContainerItemProxy section */

/* Begin PBXFileReference section */
		8097683F23DC164E00EF86A8 /* Login.app */ = {isa = PBXFileReference; explicitFileType = wrapper.application; includeInIndex = 0; path = Login.app; sourceTree = BUILT_PRODUCTS_DIR; };
		8097684223DC164E00EF86A8 /* AppDelegate.swift */ = {isa = PBXFileReference; lastKnownFileType = sourcecode.swift; path = AppDelegate.swift; sourceTree = "<group>"; };
		8097684423DC164E00EF86A8 /* SceneDelegate.swift */ = {isa = PBXFileReference; lastKnownFileType = sourcecode.swift; path = SceneDelegate.swift; sourceTree = "<group>"; };
		8097684623DC164E00EF86A8 /* ViewController.swift */ = {isa = PBXFileReference; lastKnownFileType = sourcecode.swift; path = ViewController.swift; sourceTree = "<group>"; };
		8097684923DC164E00EF86A8 /* Base */ = {isa = PBXFileReference; lastKnownFileType = file.storyboard; name = Base; path = Base.lproj/Main.storyboard; sourceTree = "<group>"; };
		8097684B23DC165100EF86A8 /* Assets.xcassets */ = {isa = PBXFileReference; lastKnownFileType = folder.assetcatalog; path = Assets.xcassets; sourceTree = "<group>"; };
		8097684E23DC165100EF86A8 /* Base */ = {isa = PBXFileReference; lastKnownFileType = file.storyboard; name = Base; path = Base.lproj/LaunchScreen.storyboard; sourceTree = "<group>"; };
		8097685023DC165100EF86A8 /* Info.plist */ = {isa = PBXFileReference; lastKnownFileType = text.plist.xml; path = Info.plist; sourceTree = "<group>"; };
		8097685523DC165100EF86A8 /* LoginTests.xctest */ = {isa = PBXFileReference; explicitFileType = wrapper.cfbundle; includeInIndex = 0; path = LoginTests.xctest; sourceTree = BUILT_PRODUCTS_DIR; };
		8097685923DC165100EF86A8 /* LoginTests.swift */ = {isa = PBXFileReference; lastKnownFileType = sourcecode.swift; path = LoginTests.swift; sourceTree = "<group>"; };
		8097685B23DC165100EF86A8 /* Info.plist */ = {isa = PBXFileReference; lastKnownFileType = text.plist.xml; path = Info.plist; sourceTree = "<group>"; };
		8097686023DC165100EF86A8 /* LoginUITests.xctest */ = {isa = PBXFileReference; explicitFileType = wrapper.cfbundle; includeInIndex = 0; path = LoginUITests.xctest; sourceTree = BUILT_PRODUCTS_DIR; };
		8097686423DC165100EF86A8 /* LoginUITests.swift */ = {isa = PBXFileReference; lastKnownFileType = sourcecode.swift; path = LoginUITests.swift; sourceTree = "<group>"; };
		8097686623DC165100EF86A8 /* Info.plist */ = {isa = PBXFileReference; lastKnownFileType = text.plist.xml; path = Info.plist; sourceTree = "<group>"; };
/* End PBXFileReference section */

/* Begin PBXFrameworksBuildPhase section */
		8097683C23DC164E00EF86A8 /* Frameworks */ = {
			isa = PBXFrameworksBuildPhase;
			buildActionMask = 2147483647;
			files = (
			);
			runOnlyForDeploymentPostprocessing = 0;
		};
		8097685223DC165100EF86A8 /* Frameworks */ = {
			isa = PBXFrameworksBuildPhase;
			buildActionMask = 2147483647;
			files = (
			);
			runOnlyForDeploymentPostprocessing = 0;
		};
		8097685D23DC165100EF86A8 /* Frameworks */ = {
			isa = PBXFrameworksBuildPhase;
			buildActionMask = 2147483647;
			files = (
			);
			runOnlyForDeploymentPostprocessing = 0;
		};
/* End PBXFrameworksBuildPhase section */

/* Begin PBXGroup section */
		8097683623DC164E00EF86A8 = {
			isa = PBXGroup;
			children = (
				8097684123DC164E00EF86A8 /* Login */,
				8097685823DC165100EF86A8 /* LoginTests */,
				8097686323DC165100EF86A8 /* LoginUITests */,
				8097684023DC164E00EF86A8 /* Products */,
			);
			sourceTree = "<group>";
		};
		8097684023DC164E00EF86A8 /* Products */ = {
			isa = PBXGroup;
			children = (
				8097683F23DC164E00EF86A8 /* Login.app */,
				8097685523DC165100EF86A8 /* LoginTests.xctest */,
				8097686023DC165100EF86A8 /* LoginUITests.xctest */,
			);
			name = Products;
			sourceTree = "<group>";
		};
		8097684123DC164E00EF86A8 /* Login */ = {
			isa = PBXGroup;
			children = (
				8097684223DC164E00EF86A8 /* AppDelegate.swift */,
				8097684423DC164E00EF86A8 /* SceneDelegate.swift */,
				8097684623DC164E00EF86A8 /* ViewController.swift */,
				8097684823DC164E00EF86A8 /* Main.storyboard */,
				8097684B23DC165100EF86A8 /* Assets.xcassets */,
				8097684D23DC165100EF86A8 /* LaunchScreen.storyboard */,
				8097685023DC165100EF86A8 /* Info.plist */,
			);
			path = Login;
			sourceTree = "<group>";
		};
		8097685823DC165100EF86A8 /* LoginTests */ = {
			isa = PBXGroup;
			children = (
				8097685923DC165100EF86A8 /* LoginTests.swift */,
				8097685B23DC165100EF86A8 /* Info.plist */,
			);
			path = LoginTests;
			sourceTree = "<group>";
		};
		8097686323DC165100EF86A8 /* LoginUITests */ = {
			isa = PBXGroup;
			children = (
				8097686423DC165100EF86A8 /* LoginUITests.swift */,
				8097686623DC165100EF86A8 /* Info.plist */,
			);
			path = LoginUITests;
			sourceTree = "<group>";
		};
/* End PBXGroup section */

/* Begin PBXNativeTarget section */
		8097683E23DC164E00EF86A8 /* Login */ = {
			isa = PBXNativeTarget;
			buildConfigurationList = 8097686923DC165100EF86A8 /* Build configuration list for PBXNativeTarget "Login" */;
			buildPhases = (
				8097683B23DC164E00EF86A8 /* Sources */,
				8097683C23DC164E00EF86A8 /* Frameworks */,
				8097683D23DC164E00EF86A8 /* Resources */,
			);
			buildRules = (
			);
			dependencies = (
			);
			name = Login;
			productName = Login;
			productReference = 8097683F23DC164E00EF86A8 /* Login.app */;
			productType = "com.apple.product-type.application";
		};
		8097685423DC165100EF86A8 /* LoginTests */ = {
			isa = PBXNativeTarget;
			buildConfigurationList = 8097686C23DC165100EF86A8 /* Build configuration list for PBXNativeTarget "LoginTests" */;
			buildPhases = (
				8097685123DC165100EF86A8 /* Sources */,
				8097685223DC165100EF86A8 /* Frameworks */,
				8097685323DC165100EF86A8 /* Resources */,
			);
			buildRules = (
			);
			dependencies = (
				8097685723DC165100EF86A8 /* PBXTargetDependency */,
			);
			name = LoginTests;
			productName = LoginTests;
			productReference = 8097685523DC165100EF86A8 /* LoginTests.xctest */;
			productType = "com.apple.product-type.bundle.unit-test";
		};
		8097685F23DC165100EF86A8 /* LoginUITests */ = {
			isa = PBXNativeTarget;
			buildConfigurationList = 8097686F23DC165100EF86A8 /* Build configuration list for PBXNativeTarget "LoginUITests" */;
			buildPhases = (
				8097685C23DC165100EF86A8 /* Sources */,
				8097685D23DC165100EF86A8 /* Frameworks */,
				8097685E23DC165100EF86A8 /* Resources */,
			);
			buildRules = (
			);
			dependencies = (
				8097686223DC165100EF86A8 /* PBXTargetDependency */,
			);
			name = LoginUITests;
			productName = LoginUITests;
			productReference = 8097686023DC165100EF86A8 /* LoginUITests.xctest */;
			productType = "com.apple.product-type.bundle.ui-testing";
		};
/* End PBXNativeTarget section */

/* Begin PBXProject section */
		8097683723DC164E00EF86A8 /* Project object */ = {
			isa = PBXProject;
			attributes = {
				LastSwiftUpdateCheck = 1130;
				LastUpgradeCheck = 1130;
				ORGANIZATIONNAME = "Andrew Englehorn";
				TargetAttributes = {
					8097683E23DC164E00EF86A8 = {
						CreatedOnToolsVersion = 11.3.1;
					};
					8097685423DC165100EF86A8 = {
						CreatedOnToolsVersion = 11.3.1;
						TestTargetID = 8097683E23DC164E00EF86A8;
					};
					8097685F23DC165100EF86A8 = {
						CreatedOnToolsVersion = 11.3.1;
						TestTargetID = 8097683E23DC164E00EF86A8;
					};
				};
			};
			buildConfigurationList = 8097683A23DC164E00EF86A8 /* Build configuration list for PBXProject "Login" */;
			compatibilityVersion = "Xcode 9.3";
			developmentRegion = en;
			hasScannedForEncodings = 0;
			knownRegions = (
				en,
				Base,
			);
			mainGroup = 8097683623DC164E00EF86A8;
			productRefGroup = 8097684023DC164E00EF86A8 /* Products */;
			projectDirPath = "";
			projectRoot = "";
			targets = (
				8097683E23DC164E00EF86A8 /* Login */,
				8097685423DC165100EF86A8 /* LoginTests */,
				8097685F23DC165100EF86A8 /* LoginUITests */,
			);
		};
/* End PBXProject section */

/* Begin PBXResourcesBuildPhase section */
		8097683D23DC164E00EF86A8 /* Resources */ = {
			isa = PBXResourcesBuildPhase;
			buildActionMask = 2147483647;
			files = (
				8097684F23DC165100EF86A8 /* LaunchScreen.storyboard in Resources */,
				8097684C23DC165100EF86A8 /* Assets.xcassets in Resources */,
				8097684A23DC164E00EF86A8 /* Main.storyboard in Resources */,
			);
			runOnlyForDeploymentPostprocessing = 0;
		};
		8097685323DC165100EF86A8 /* Resources */ = {
			isa = PBXResourcesBuildPhase;
			buildActionMask = 2147483647;
			files = (
			);
			runOnlyForDeploymentPostprocessing = 0;
		};
		8097685E23DC165100EF86A8 /* Resources */ = {
			isa = PBXResourcesBuildPhase;
			buildActionMask = 2147483647;
			files = (
			);
			runOnlyForDeploymentPostprocessing = 0;
		};
/* End PBXResourcesBuildPhase section */

/* Begin PBXSourcesBuildPhase section */
		8097683B23DC164E00EF86A8 /* Sources */ = {
			isa = PBXSourcesBuildPhase;
			buildActionMask = 2147483647;
			files = (
				8097684723DC164E00EF86A8 /* ViewController.swift in Sources */,
				8097684323DC164E00EF86A8 /* AppDelegate.swift in Sources */,
				8097684523DC164E00EF86A8 /* SceneDelegate.swift in Sources */,
			);
			runOnlyForDeploymentPostprocessing = 0;
		};
		8097685123DC165100EF86A8 /* Sources */ = {
			isa = PBXSourcesBuildPhase;
			buildActionMask = 2147483647;
			files = (
				8097685A23DC165100EF86A8 /* LoginTests.swift in Sources */,
			);
			runOnlyForDeploymentPostprocessing = 0;
		};
		8097685C23DC165100EF86A8 /* Sources */ = {
			isa = PBXSourcesBuildPhase;
			buildActionMask = 2147483647;
			files = (
				8097686523DC165100EF86A8 /* LoginUITests.swift in Sources */,
			);
			runOnlyForDeploymentPostprocessing = 0;
		};
/* End PBXSourcesBuildPhase section */

/* Begin PBXTargetDependency section */
		8097685723DC165100EF86A8 /* PBXTargetDependency */ = {
			isa = PBXTargetDependency;
			target = 8097683E23DC164E00EF86A8 /* Login */;
			targetProxy = 8097685623DC165100EF86A8 /* PBXContainerItemProxy */;
		};
		8097686223DC165100EF86A8 /* PBXTargetDependency */ = {
			isa = PBXTargetDependency;
			target = 8097683E23DC164E00EF86A8 /* Login */;
			targetProxy = 8097686123DC165100EF86A8 /* PBXContainerItemProxy */;
		};
/* End PBXTargetDependency section */

/* Begin PBXVariantGroup section */
		8097684823DC164E00EF86A8 /* Main.storyboard */ = {
			isa = PBXVariantGroup;
			children = (
				8097684923DC164E00EF86A8 /* Base */,
			);
			name = Main.storyboard;
			sourceTree = "<group>";
		};
		8097684D23DC165100EF86A8 /* LaunchScreen.storyboard */ = {
			isa = PBXVariantGroup;
			children = (
				8097684E23DC165100EF86A8 /* Base */,
			);
			name = LaunchScreen.storyboard;
			sourceTree = "<group>";
		};
/* End PBXVariantGroup section */

/* Begin XCBuildConfiguration section */
		8097686723DC165100EF86A8 /* Debug */ = {
			isa = XCBuildConfiguration;
			buildSettings = {
				ALWAYS_SEARCH_USER_PATHS = NO;
				CLANG_ANALYZER_NONNULL = YES;
				CLANG_ANALYZER_NUMBER_OBJECT_CONVERSION = YES_AGGRESSIVE;
				CLANG_CXX_LANGUAGE_STANDARD = "gnu++14";
				CLANG_CXX_LIBRARY = "libc++";
				CLANG_ENABLE_MODULES = YES;
				CLANG_ENABLE_OBJC_ARC = YES;
				CLANG_ENABLE_OBJC_WEAK = YES;
				CLANG_WARN_BLOCK_CAPTURE_AUTORELEASING = YES;
				CLANG_WARN_BOOL_CONVERSION = YES;
				CLANG_WARN_COMMA = YES;
				CLANG_WARN_CONSTANT_CONVERSION = YES;
				CLANG_WARN_DEPRECATED_OBJC_IMPLEMENTATIONS = YES;
				CLANG_WARN_DIRECT_OBJC_ISA_USAGE = YES_ERROR;
				CLANG_WARN_DOCUMENTATION_COMMENTS = YES;
				CLANG_WARN_EMPTY_BODY = YES;
				CLANG_WARN_ENUM_CONVERSION = YES;
				CLANG_WARN_INFINITE_RECURSION = YES;
				CLANG_WARN_INT_CONVERSION = YES;
				CLANG_WARN_NON_LITERAL_NULL_CONVERSION = YES;
				CLANG_WARN_OBJC_IMPLICIT_RETAIN_SELF = YES;
				CLANG_WARN_OBJC_LITERAL_CONVERSION = YES;
				CLANG_WARN_OBJC_ROOT_CLASS = YES_ERROR;
				CLANG_WARN_RANGE_LOOP_ANALYSIS = YES;
				CLANG_WARN_STRICT_PROTOTYPES = YES;
				CLANG_WARN_SUSPICIOUS_MOVE = YES;
				CLANG_WARN_UNGUARDED_AVAILABILITY = YES_AGGRESSIVE;
				CLANG_WARN_UNREACHABLE_CODE = YES;
				CLANG_WARN__DUPLICATE_METHOD_MATCH = YES;
				COPY_PHASE_STRIP = NO;
				DEBUG_INFORMATION_FORMAT = dwarf;
				ENABLE_STRICT_OBJC_MSGSEND = YES;
				ENABLE_TESTABILITY = YES;
				GCC_C_LANGUAGE_STANDARD = gnu11;
				GCC_DYNAMIC_NO_PIC = NO;
				GCC_NO_COMMON_BLOCKS = YES;
				GCC_OPTIMIZATION_LEVEL = 0;
				GCC_PREPROCESSOR_DEFINITIONS = (
					"DEBUG=1",
					"$(inherited)",
				);
				GCC_WARN_64_TO_32_BIT_CONVERSION = YES;
				GCC_WARN_ABOUT_RETURN_TYPE = YES_ERROR;
				GCC_WARN_UNDECLARED_SELECTOR = YES;
				GCC_WARN_UNINITIALIZED_AUTOS = YES_AGGRESSIVE;
				GCC_WARN_UNUSED_FUNCTION = YES;
				GCC_WARN_UNUSED_VARIABLE = YES;
				IPHONEOS_DEPLOYMENT_TARGET = 13.2;
				MTL_ENABLE_DEBUG_INFO = INCLUDE_SOURCE;
				MTL_FAST_MATH = YES;
				ONLY_ACTIVE_ARCH = YES;
				SDKROOT = iphoneos;
				SWIFT_ACTIVE_COMPILATION_CONDITIONS = DEBUG;
				SWIFT_OPTIMIZATION_LEVEL = "-Onone";
			};
			name = Debug;
		};
		8097686823DC165100EF86A8 /* Release */ = {
			isa = XCBuildConfiguration;
			buildSettings = {
				ALWAYS_SEARCH_USER_PATHS = NO;
				CLANG_ANALYZER_NONNULL = YES;
				CLANG_ANALYZER_NUMBER_OBJECT_CONVERSION = YES_AGGRESSIVE;
				CLANG_CXX_LANGUAGE_STANDARD = "gnu++14";
				CLANG_CXX_LIBRARY = "libc++";
				CLANG_ENABLE_MODULES = YES;
				CLANG_ENABLE_OBJC_ARC = YES;
				CLANG_ENABLE_OBJC_WEAK = YES;
				CLANG_WARN_BLOCK_CAPTURE_AUTORELEASING = YES;
				CLANG_WARN_BOOL_CONVERSION = YES;
				CLANG_WARN_COMMA = YES;
				CLANG_WARN_CONSTANT_CONVERSION = YES;
				CLANG_WARN_DEPRECATED_OBJC_IMPLEMENTATIONS = YES;
				CLANG_WARN_DIRECT_OBJC_ISA_USAGE = YES_ERROR;
				CLANG_WARN_DOCUMENTATION_COMMENTS = YES;
				CLANG_WARN_EMPTY_BODY = YES;
				CLANG_WARN_ENUM_CONVERSION = YES;
				CLANG_WARN_INFINITE_RECURSION = YES;
				CLANG_WARN_INT_CONVERSION = YES;
				CLANG_WARN_NON_LITERAL_NULL_CONVERSION = YES;
				CLANG_WARN_OBJC_IMPLICIT_RETAIN_SELF = YES;
				CLANG_WARN_OBJC_LITERAL_CONVERSION = YES;
				CLANG_WARN_OBJC_ROOT_CLASS = YES_ERROR;
				CLANG_WARN_RANGE_LOOP_ANALYSIS = YES;
				CLANG_WARN_STRICT_PROTOTYPES = YES;
				CLANG_WARN_SUSPICIOUS_MOVE = YES;
				CLANG_WARN_UNGUARDED_AVAILABILITY = YES_AGGRESSIVE;
				CLANG_WARN_UNREACHABLE_CODE = YES;
				CLANG_WARN__DUPLICATE_METHOD_MATCH = YES;
				COPY_PHASE_STRIP = NO;
				DEBUG_INFORMATION_FORMAT = "dwarf-with-dsym";
				ENABLE_NS_ASSERTIONS = NO;
				ENABLE_STRICT_OBJC_MSGSEND = YES;
				GCC_C_LANGUAGE_STANDARD = gnu11;
				GCC_NO_COMMON_BLOCKS = YES;
				GCC_WARN_64_TO_32_BIT_CONVERSION = YES;
				GCC_WARN_ABOUT_RETURN_TYPE = YES_ERROR;
				GCC_WARN_UNDECLARED_SELECTOR = YES;
				GCC_WARN_UNINITIALIZED_AUTOS = YES_AGGRESSIVE;
				GCC_WARN_UNUSED_FUNCTION = YES;
				GCC_WARN_UNUSED_VARIABLE = YES;
				IPHONEOS_DEPLOYMENT_TARGET = 13.2;
				MTL_ENABLE_DEBUG_INFO = NO;
				MTL_FAST_MATH = YES;
				SDKROOT = iphoneos;
				SWIFT_COMPILATION_MODE = wholemodule;
				SWIFT_OPTIMIZATION_LEVEL = "-O";
				VALIDATE_PRODUCT = YES;
			};
			name = Release;
		};
		8097686A23DC165100EF86A8 /* Debug */ = {
			isa = XCBuildConfiguration;
			buildSettings = {
				ASSETCATALOG_COMPILER_APPICON_NAME = AppIcon;
				CODE_SIGN_STYLE = Automatic;
				INFOPLIST_FILE = Login/Info.plist;
				LD_RUNPATH_SEARCH_PATHS = (
					"$(inherited)",
					"@executable_path/Frameworks",
				);
				PRODUCT_BUNDLE_IDENTIFIER = com.Login;
				PRODUCT_NAME = "$(TARGET_NAME)";
				SWIFT_VERSION = 5.0;
				TARGETED_DEVICE_FAMILY = "1,2";
			};
			name = Debug;
		};
		8097686B23DC165100EF86A8 /* Release */ = {
			isa = XCBuildConfiguration;
			buildSettings = {
				ASSETCATALOG_COMPILER_APPICON_NAME = AppIcon;
				CODE_SIGN_STYLE = Automatic;
				INFOPLIST_FILE = Login/Info.plist;
				LD_RUNPATH_SEARCH_PATHS = (
					"$(inherited)",
					"@executable_path/Frameworks",
				);
				PRODUCT_BUNDLE_IDENTIFIER = com.Login;
				PRODUCT_NAME = "$(TARGET_NAME)";
				SWIFT_VERSION = 5.0;
				TARGETED_DEVICE_FAMILY = "1,2";
			};
			name = Release;
		};
		8097686D23DC165100EF86A8 /* Debug */ = {
			isa = XCBuildConfiguration;
			buildSettings = {
				ALWAYS_EMBED_SWIFT_STANDARD_LIBRARIES = YES;
				BUNDLE_LOADER = "$(TEST_HOST)";
				CODE_SIGN_STYLE = Automatic;
				INFOPLIST_FILE = LoginTests/Info.plist;
				IPHONEOS_DEPLOYMENT_TARGET = 13.2;
				LD_RUNPATH_SEARCH_PATHS = (
					"$(inherited)",
					"@executable_path/Frameworks",
					"@loader_path/Frameworks",
				);
				PRODUCT_BUNDLE_IDENTIFIER = com.LoginTests;
				PRODUCT_NAME = "$(TARGET_NAME)";
				SWIFT_VERSION = 5.0;
				TARGETED_DEVICE_FAMILY = "1,2";
				TEST_HOST = "$(BUILT_PRODUCTS_DIR)/Login.app/Login";
			};
			name = Debug;
		};
		8097686E23DC165100EF86A8 /* Release */ = {
			isa = XCBuildConfiguration;
			buildSettings = {
				ALWAYS_EMBED_SWIFT_STANDARD_LIBRARIES = YES;
				BUNDLE_LOADER = "$(TEST_HOST)";
				CODE_SIGN_STYLE = Automatic;
				INFOPLIST_FILE = LoginTests/Info.plist;
				IPHONEOS_DEPLOYMENT_TARGET = 13.2;
				LD_RUNPATH_SEARCH_PATHS = (
					"$(inherited)",
					"@executable_path/Frameworks",
					"@loader_path/Frameworks",
				);
				PRODUCT_BUNDLE_IDENTIFIER = com.LoginTests;
				PRODUCT_NAME = "$(TARGET_NAME)";
				SWIFT_VERSION = 5.0;
				TARGETED_DEVICE_FAMILY = "1,2";
				TEST_HOST = "$(BUILT_PRODUCTS_DIR)/Login.app/Login";
			};
			name = Release;
		};
		8097687023DC165100EF86A8 /* Debug */ = {
			isa = XCBuildConfiguration;
			buildSettings = {
				ALWAYS_EMBED_SWIFT_STANDARD_LIBRARIES = YES;
				CODE_SIGN_STYLE = Automatic;
				INFOPLIST_FILE = LoginUITests/Info.plist;
				LD_RUNPATH_SEARCH_PATHS = (
					"$(inherited)",
					"@executable_path/Frameworks",
					"@loader_path/Frameworks",
				);
				PRODUCT_BUNDLE_IDENTIFIER = com.LoginUITests;
				PRODUCT_NAME = "$(TARGET_NAME)";
				SWIFT_VERSION = 5.0;
				TARGETED_DEVICE_FAMILY = "1,2";
				TEST_TARGET_NAME = Login;
			};
			name = Debug;
		};
		8097687123DC165100EF86A8 /* Release */ = {
			isa = XCBuildConfiguration;
			buildSettings = {
				ALWAYS_EMBED_SWIFT_STANDARD_LIBRARIES = YES;
				CODE_SIGN_STYLE = Automatic;
				INFOPLIST_FILE = LoginUITests/Info.plist;
				LD_RUNPATH_SEARCH_PATHS = (
					"$(inherited)",
					"@executable_path/Frameworks",
					"@loader_path/Frameworks",
				);
				PRODUCT_BUNDLE_IDENTIFIER = com.LoginUITests;
				PRODUCT_NAME = "$(TARGET_NAME)";
				SWIFT_VERSION = 5.0;
				TARGETED_DEVICE_FAMILY = "1,2";
				TEST_TARGET_NAME = Login;
			};
			name = Release;
		};
/* End XCBuildConfiguration section */

/* Begin XCConfigurationList section */
		8097683A23DC164E00EF86A8 /* Build configuration list for PBXProject "Login" */ = {
			isa = XCConfigurationList;
			buildConfigurations = (
				8097686723DC165100EF86A8 /* Debug */,
				8097686823DC165100EF86A8 /* Release */,
			);
			defaultConfigurationIsVisible = 0;
			defaultConfigurationName = Release;
		};
		8097686923DC165100EF86A8 /* Build configuration list for PBXNativeTarget "Login" */ = {
			isa = XCConfigurationList;
			buildConfigurations = (
				8097686A23DC165100EF86A8 /* Debug */,
				8097686B23DC165100EF86A8 /* Release */,
			);
			defaultConfigurationIsVisible = 0;
			defaultConfigurationName = Release;
		};
		8097686C23DC165100EF86A8 /* Build configuration list for PBXNativeTarget "LoginTests" */ = {
			isa = XCConfigurationList;
			buildConfigurations = (
				8097686D23DC165100EF86A8 /* Debug */,
				8097686E23DC165100EF86A8 /* Release */,
			);
			defaultConfigurationIsVisible = 0;
			defaultConfigurationName = Release;
		};
		8097686F23DC165100EF86A8 /* Build configuration list for PBXNativeTarget "LoginUITests" */ = {
			isa = XCConfigurationList;
			buildConfigurations = (
				8097687023DC165100EF86A8 /* Debug */,
				8097687123DC165100EF86A8 /* Release */,
			);
			defaultConfigurationIsVisible = 0;
			defaultConfigurationName = Release;
		};
/* End XCConfigurationList section */
	};
	rootObject = 8097683723DC164E00EF86A8 /* Project object */;
}
